<Solution>
  <Folder Name="/src/">
    <Project Path="src/Decatron.Desktop.Sdk/Decatron.Desktop.Sdk.csproj" />
    <Project Path="src/Decatron.Desktop.Core/Decatron.Desktop.Core.csproj" />
    <Project Path="src/Decatron.Desktop.Modules.Translation/Decatron.Desktop.Modules.Translation.csproj" />
    <Project Path="src/Decatron.Desktop.Modules.LolCoach/Decatron.Desktop.Modules.LolCoach.csproj" />
    <Project Path="src/Decatron.Desktop/Decatron.Desktop.csproj" />
  </Folder>
  <Folder Name="/tests/">
    <Project Path="tests/Decatron.Desktop.Tests/Decatron.Desktop.Tests.csproj" />
  </Folder>
</Solution>
